
Microsoft Visual Studio Solution File, Format Version 12.00
# Visual Studio Version 16
VisualStudioVersion = 16.0.30330.147
MinimumVisualStudioVersion = 10.0.40219.1
Project("{FAE04EC0-301F-11D3-BF4B-00C04F79EFBC}") = "Guia_EjerciciosPractice", "Guia_EjerciciosPractice\Guia_EjerciciosPractice.csproj", "{A7D0AF4B-8B9A-4197-B703-FCAC58878A0D}"
EndProject
Global
	GlobalSection(SolutionConfigurationPlatforms) = preSolution
		Debug|Any CPU = Debug|Any CPU
		Release|Any CPU = Release|Any CPU
	EndGlobalSection
	GlobalSection(ProjectConfigurationPlatforms) = postSolution
		{A7D0AF4B-8B9A-4197-B703-FCAC58878A0D}.Debug|Any CPU.ActiveCfg = Debug|Any CPU
		{A7D0AF4B-8B9A-4197-B703-FCAC58878A0D}.Debug|Any CPU.Build.0 = Debug|Any CPU
		{A7D0AF4B-8B9A-4197-B703-FCAC58878A0D}.Release|Any CPU.ActiveCfg = Release|Any CPU
		{A7D0AF4B-8B9A-4197-B703-FCAC58878A0D}.Release|Any CPU.Build.0 = Release|Any CPU
	EndGlobalSection
	GlobalSection(SolutionProperties) = preSolution
		HideSolutionNode = FALSE
	EndGlobalSection
	GlobalSection(ExtensibilityGlobals) = postSolution
		SolutionGuid = {340D2E4A-4353-4802-AB9C-38049DF53BC6}
	EndGlobalSection
EndGlobal
